// !$*UTF8*$!
{
	archiveVersion = 1;
	classes = {
	};
	objectVersion = 50;
	objects = {

/* Begin PBXBuildFile section */
		92B1FB97212613800081D3F0 /* AppDelegate.swift in Sources */ = {isa = PBXBuildFile; fileRef = 92B1FB96212613800081D3F0 /* AppDelegate.swift */; };
		92B1FB99212613800081D3F0 /* ViewController.swift in Sources */ = {isa = PBXBuildFile; fileRef = 92B1FB98212613800081D3F0 /* ViewController.swift */; };
		92B1FB9C212613800081D3F0 /* Main.storyboard in Resources */ = {isa = PBXBuildFile; fileRef = 92B1FB9A212613800081D3F0 /* Main.storyboard */; };
		92B1FB9E212613820081D3F0 /* Assets.xcassets in Resources */ = {isa = PBXBuildFile; fileRef = 92B1FB9D212613820081D3F0 /* Assets.xcassets */; };
		92B1FBA1212613820081D3F0 /* LaunchScreen.storyboard in Resources */ = {isa = PBXBuildFile; fileRef = 92B1FB9F212613820081D3F0 /* LaunchScreen.storyboard */; };
		92B1FBAC212613820081D3F0 /* elementsTests.swift in Sources */ = {isa = PBXBuildFile; fileRef = 92B1FBAB212613820081D3F0 /* elementsTests.swift */; };
		92B1FBB7212613820081D3F0 /* elementsUITests.swift in Sources */ = {isa = PBXBuildFile; fileRef = 92B1FBB6212613820081D3F0 /* elementsUITests.swift */; };
/* End PBXBuildFile section */

/* Begin PBXContainerItemProxy section */
		92B1FBA8212613820081D3F0 /* PBXContainerItemProxy */ = {
			isa = PBXContainerItemProxy;
			containerPortal = 92B1FB8B212613800081D3F0 /* Project object */;
			proxyType = 1;
			remoteGlobalIDString = 92B1FB92212613800081D3F0;
			remoteInfo = elements;
		};
		92B1FBB3212613820081D3F0 /* PBXContainerItemProxy */ = {
			isa = PBXContainerItemProxy;
			containerPortal = 92B1FB8B212613800081D3F0 /* Project object */;
			proxyType = 1;
			remoteGlobalIDString = 92B1FB92212613800081D3F0;
			remoteInfo = elements;
		};
/* End PBXContainerItemProxy section */

/* Begin PBXFileReference section */
		92B1FB93212613800081D3F0 /* elements.app */ = {isa = PBXFileReference; explicitFileType = wrapper.application; includeInIndex = 0; path = elements.app; sourceTree = BUILT_PRODUCTS_DIR; };
		92B1FB96212613800081D3F0 /* AppDelegate.swift */ = {isa = PBXFileReference; lastKnownFileType = sourcecode.swift; path = AppDelegate.swift; sourceTree = "<group>"; };
		92B1FB98212613800081D3F0 /* ViewController.swift */ = {isa = PBXFileReference; lastKnownFileType = sourcecode.swift; path = ViewController.swift; sourceTree = "<group>"; };
		92B1FB9B212613800081D3F0 /* Base */ = {isa = PBXFileReference; lastKnownFileType = file.storyboard; name = Base; path = Base.lproj/Main.storyboard; sourceTree = "<group>"; };
		92B1FB9D212613820081D3F0 /* Assets.xcassets */ = {isa = PBXFileReference; lastKnownFileType = folder.assetcatalog; path = Assets.xcassets; sourceTree = "<group>"; };
		92B1FBA0212613820081D3F0 /* Base */ = {isa = PBXFileReference; lastKnownFileType = file.storyboard; name = Base; path = Base.lproj/LaunchScreen.storyboard; sourceTree = "<group>"; };
		92B1FBA2212613820081D3F0 /* Info.plist */ = {isa = PBXFileReference; lastKnownFileType = text.plist.xml; path = Info.plist; sourceTree = "<group>"; };
		92B1FBA7212613820081D3F0 /* elementsTests.xctest */ = {isa = PBXFileReference; explicitFileType = wrapper.cfbundle; includeInIndex = 0; path = elementsTests.xctest; sourceTree = BUILT_PRODUCTS_DIR; };
		92B1FBAB212613820081D3F0 /* elementsTests.swift */ = {isa = PBXFileReference; lastKnownFileType = sourcecode.swift; path = elementsTests.swift; sourceTree = "<group>"; };
		92B1FBAD212613820081D3F0 /* Info.plist */ = {isa = PBXFileReference; lastKnownFileType = text.plist.xml; path = Info.plist; sourceTree = "<group>"; };
		92B1FBB2212613820081D3F0 /* elementsUITests.xctest */ = {isa = PBXFileReference; explicitFileType = wrapper.cfbundle; includeInIndex = 0; path = elementsUITests.xctest; sourceTree = BUILT_PRODUCTS_DIR; };
		92B1FBB6212613820081D3F0 /* elementsUITests.swift */ = {isa = PBXFileReference; lastKnownFileType = sourcecode.swift; path = elementsUITests.swift; sourceTree = "<group>"; };
		92B1FBB8212613820081D3F0 /* Info.plist */ = {isa = PBXFileReference; lastKnownFileType = text.plist.xml; path = Info.plist; sourceTree = "<group>"; };
/* End PBXFileReference section */

/* Begin PBXFrameworksBuildPhase section */
		92B1FB90212613800081D3F0 /* Frameworks */ = {
			isa = PBXFrameworksBuildPhase;
			buildActionMask = 2147483647;
			files = (
			);
			runOnlyForDeploymentPostprocessing = 0;
		};
		92B1FBA4212613820081D3F0 /* Frameworks */ = {
			isa = PBXFrameworksBuildPhase;
			buildActionMask = 2147483647;
			files = (
			);
			runOnlyForDeploymentPostprocessing = 0;
		};
		92B1FBAF212613820081D3F0 /* Frameworks */ = {
			isa = PBXFrameworksBuildPhase;
			buildActionMask = 2147483647;
			files = (
			);
			runOnlyForDeploymentPostprocessing = 0;
		};
/* End PBXFrameworksBuildPhase section */

/* Begin PBXGroup section */
		92B1FB8A212613800081D3F0 = {
			isa = PBXGroup;
			children = (
				92B1FB95212613800081D3F0 /* elements */,
				92B1FBAA212613820081D3F0 /* elementsTests */,
				92B1FBB5212613820081D3F0 /* elementsUITests */,
				92B1FB94212613800081D3F0 /* Products */,
			);
			sourceTree = "<group>";
		};
		92B1FB94212613800081D3F0 /* Products */ = {
			isa = PBXGroup;
			children = (
				92B1FB93212613800081D3F0 /* elements.app */,
				92B1FBA7212613820081D3F0 /* elementsTests.xctest */,
				92B1FBB2212613820081D3F0 /* elementsUITests.xctest */,
			);
			name = Products;
			sourceTree = "<group>";
		};
		92B1FB95212613800081D3F0 /* elements */ = {
			isa = PBXGroup;
			children = (
				92B1FB96212613800081D3F0 /* AppDelegate.swift */,
				92B1FB98212613800081D3F0 /* ViewController.swift */,
				92B1FB9A212613800081D3F0 /* Main.storyboard */,
				92B1FB9D212613820081D3F0 /* Assets.xcassets */,
				92B1FB9F212613820081D3F0 /* LaunchScreen.storyboard */,
				92B1FBA2212613820081D3F0 /* Info.plist */,
			);
			path = elements;
			sourceTree = "<group>";
		};
		92B1FBAA212613820081D3F0 /* elementsTests */ = {
			isa = PBXGroup;
			children = (
				92B1FBAB212613820081D3F0 /* elementsTests.swift */,
				92B1FBAD212613820081D3F0 /* Info.plist */,
			);
			path = elementsTests;
			sourceTree = "<group>";
		};
		92B1FBB5212613820081D3F0 /* elementsUITests */ = {
			isa = PBXGroup;
			children = (
				92B1FBB6212613820081D3F0 /* elementsUITests.swift */,
				92B1FBB8212613820081D3F0 /* Info.plist */,
			);
			path = elementsUITests;
			sourceTree = "<group>";
		};
/* End PBXGroup section */

/* Begin PBXNativeTarget section */
		92B1FB92212613800081D3F0 /* elements */ = {
			isa = PBXNativeTarget;
			buildConfigurationList = 92B1FBBB212613820081D3F0 /* Build configuration list for PBXNativeTarget "elements" */;
			buildPhases = (
				92B1FB8F212613800081D3F0 /* Sources */,
				92B1FB90212613800081D3F0 /* Frameworks */,
				92B1FB91212613800081D3F0 /* Resources */,
			);
			buildRules = (
			);
			dependencies = (
			);
			name = elements;
			productName = elements;
			productReference = 92B1FB93212613800081D3F0 /* elements.app */;
			productType = "com.apple.product-type.application";
		};
		92B1FBA6212613820081D3F0 /* elementsTests */ = {
			isa = PBXNativeTarget;
			buildConfigurationList = 92B1FBBE212613820081D3F0 /* Build configuration list for PBXNativeTarget "elementsTests" */;
			buildPhases = (
				92B1FBA3212613820081D3F0 /* Sources */,
				92B1FBA4212613820081D3F0 /* Frameworks */,
				92B1FBA5212613820081D3F0 /* Resources */,
			);
			buildRules = (
			);
			dependencies = (
				92B1FBA9212613820081D3F0 /* PBXTargetDependency */,
			);
			name = elementsTests;
			productName = elementsTests;
			productReference = 92B1FBA7212613820081D3F0 /* elementsTests.xctest */;
			productType = "com.apple.product-type.bundle.unit-test";
		};
		92B1FBB1212613820081D3F0 /* elementsUITests */ = {
			isa = PBXNativeTarget;
			buildConfigurationList = 92B1FBC1212613820081D3F0 /* Build configuration list for PBXNativeTarget "elementsUITests" */;
			buildPhases = (
				92B1FBAE212613820081D3F0 /* Sources */,
				92B1FBAF212613820081D3F0 /* Frameworks */,
				92B1FBB0212613820081D3F0 /* Resources */,
			);
			buildRules = (
			);
			dependencies = (
				92B1FBB4212613820081D3F0 /* PBXTargetDependency */,
			);
			name = elementsUITests;
			productName = elementsUITests;
			productReference = 92B1FBB2212613820081D3F0 /* elementsUITests.xctest */;
			productType = "com.apple.product-type.bundle.ui-testing";
		};
/* End PBXNativeTarget section */

/* Begin PBXProject section */
		92B1FB8B212613800081D3F0 /* Project object */ = {
			isa = PBXProject;
			attributes = {
				LastSwiftUpdateCheck = 1000;
				LastUpgradeCheck = 1000;
				ORGANIZATIONNAME = "Gabe Zimbric";
				TargetAttributes = {
					92B1FB92212613800081D3F0 = {
						CreatedOnToolsVersion = 10.0;
					};
					92B1FBA6212613820081D3F0 = {
						CreatedOnToolsVersion = 10.0;
						TestTargetID = 92B1FB92212613800081D3F0;
					};
					92B1FBB1212613820081D3F0 = {
						CreatedOnToolsVersion = 10.0;
						TestTargetID = 92B1FB92212613800081D3F0;
					};
				};
			};
			buildConfigurationList = 92B1FB8E212613800081D3F0 /* Build configuration list for PBXProject "elements" */;
			compatibilityVersion = "Xcode 9.3";
			developmentRegion = en;
			hasScannedForEncodings = 0;
			knownRegions = (
				en,
				Base,
			);
			mainGroup = 92B1FB8A212613800081D3F0;
			productRefGroup = 92B1FB94212613800081D3F0 /* Products */;
			projectDirPath = "";
			projectRoot = "";
			targets = (
				92B1FB92212613800081D3F0 /* elements */,
				92B1FBA6212613820081D3F0 /* elementsTests */,
				92B1FBB1212613820081D3F0 /* elementsUITests */,
			);
		};
/* End PBXProject section */

/* Begin PBXResourcesBuildPhase section */
		92B1FB91212613800081D3F0 /* Resources */ = {
			isa = PBXResourcesBuildPhase;
			buildActionMask = 2147483647;
			files = (
				92B1FBA1212613820081D3F0 /* LaunchScreen.storyboard in Resources */,
				92B1FB9E212613820081D3F0 /* Assets.xcassets in Resources */,
				92B1FB9C212613800081D3F0 /* Main.storyboard in Resources */,
			);
			runOnlyForDeploymentPostprocessing = 0;
		};
		92B1FBA5212613820081D3F0 /* Resources */ = {
			isa = PBXResourcesBuildPhase;
			buildActionMask = 2147483647;
			files = (
			);
			runOnlyForDeploymentPostprocessing = 0;
		};
		92B1FBB0212613820081D3F0 /* Resources */ = {
			isa = PBXResourcesBuildPhase;
			buildActionMask = 2147483647;
			files = (
			);
			runOnlyForDeploymentPostprocessing = 0;
		};
/* End PBXResourcesBuildPhase section */

/* Begin PBXSourcesBuildPhase section */
		92B1FB8F212613800081D3F0 /* Sources */ = {
			isa = PBXSourcesBuildPhase;
			buildActionMask = 2147483647;
			files = (
				92B1FB99212613800081D3F0 /* ViewController.swift in Sources */,
				92B1FB97212613800081D3F0 /* AppDelegate.swift in Sources */,
			);
			runOnlyForDeploymentPostprocessing = 0;
		};
		92B1FBA3212613820081D3F0 /* Sources */ = {
			isa = PBXSourcesBuildPhase;
			buildActionMask = 2147483647;
			files = (
				92B1FBAC212613820081D3F0 /* elementsTests.swift in Sources */,
			);
			runOnlyForDeploymentPostprocessing = 0;
		};
		92B1FBAE212613820081D3F0 /* Sources */ = {
			isa = PBXSourcesBuildPhase;
			buildActionMask = 2147483647;
			files = (
				92B1FBB7212613820081D3F0 /* elementsUITests.swift in Sources */,
			);
			runOnlyForDeploymentPostprocessing = 0;
		};
/* End PBXSourcesBuildPhase section */

/* Begin PBXTargetDependency section */
		92B1FBA9212613820081D3F0 /* PBXTargetDependency */ = {
			isa = PBXTargetDependency;
			target = 92B1FB92212613800081D3F0 /* elements */;
			targetProxy = 92B1FBA8212613820081D3F0 /* PBXContainerItemProxy */;
		};
		92B1FBB4212613820081D3F0 /* PBXTargetDependency */ = {
			isa = PBXTargetDependency;
			target = 92B1FB92212613800081D3F0 /* elements */;
			targetProxy = 92B1FBB3212613820081D3F0 /* PBXContainerItemProxy */;
		};
/* End PBXTargetDependency section */

/* Begin PBXVariantGroup section */
		92B1FB9A212613800081D3F0 /* Main.storyboard */ = {
			isa = PBXVariantGroup;
			children = (
				92B1FB9B212613800081D3F0 /* Base */,
			);
			name = Main.storyboard;
			sourceTree = "<group>";
		};
		92B1FB9F212613820081D3F0 /* LaunchScreen.storyboard */ = {
			isa = PBXVariantGroup;
			children = (
				92B1FBA0212613820081D3F0 /* Base */,
			);
			name = LaunchScreen.storyboard;
			sourceTree = "<group>";
		};
/* End PBXVariantGroup section */

/* Begin XCBuildConfiguration section */
		92B1FBB9212613820081D3F0 /* Debug */ = {
			isa = XCBuildConfiguration;
			buildSettings = {
				ALWAYS_SEARCH_USER_PATHS = NO;
				CLANG_ANALYZER_NONNULL = YES;
				CLANG_ANALYZER_NUMBER_OBJECT_CONVERSION = YES_AGGRESSIVE;
				CLANG_CXX_LANGUAGE_STANDARD = "gnu++14";
				CLANG_CXX_LIBRARY = "libc++";
				CLANG_ENABLE_MODULES = YES;
				CLANG_ENABLE_OBJC_ARC = YES;
				CLANG_ENABLE_OBJC_WEAK = YES;
				CLANG_WARN_BLOCK_CAPTURE_AUTORELEASING = YES;
				CLANG_WARN_BOOL_CONVERSION = YES;
				CLANG_WARN_COMMA = YES;
				CLANG_WARN_CONSTANT_CONVERSION = YES;
				CLANG_WARN_DEPRECATED_OBJC_IMPLEMENTATIONS = YES;
				CLANG_WARN_DIRECT_OBJC_ISA_USAGE = YES_ERROR;
				CLANG_WARN_DOCUMENTATION_COMMENTS = YES;
				CLANG_WARN_EMPTY_BODY = YES;
				CLANG_WARN_ENUM_CONVERSION = YES;
				CLANG_WARN_INFINITE_RECURSION = YES;
				CLANG_WARN_INT_CONVERSION = YES;
				CLANG_WARN_NON_LITERAL_NULL_CONVERSION = YES;
				CLANG_WARN_OBJC_IMPLICIT_RETAIN_SELF = YES;
				CLANG_WARN_OBJC_LITERAL_CONVERSION = YES;
				CLANG_WARN_OBJC_ROOT_CLASS = YES_ERROR;
				CLANG_WARN_RANGE_LOOP_ANALYSIS = YES;
				CLANG_WARN_STRICT_PROTOTYPES = YES;
				CLANG_WARN_SUSPICIOUS_MOVE = YES;
				CLANG_WARN_UNGUARDED_AVAILABILITY = YES_AGGRESSIVE;
				CLANG_WARN_UNREACHABLE_CODE = YES;
				CLANG_WARN__DUPLICATE_METHOD_MATCH = YES;
				CODE_SIGN_IDENTITY = "iPhone Developer";
				COPY_PHASE_STRIP = NO;
				DEBUG_INFORMATION_FORMAT = dwarf;
				ENABLE_STRICT_OBJC_MSGSEND = YES;
				ENABLE_TESTABILITY = YES;
				GCC_C_LANGUAGE_STANDARD = gnu11;
				GCC_DYNAMIC_NO_PIC = NO;
				GCC_NO_COMMON_BLOCKS = YES;
				GCC_OPTIMIZATION_LEVEL = 0;
				GCC_PREPROCESSOR_DEFINITIONS = (
					"DEBUG=1",
					"$(inherited)",
				);
				GCC_WARN_64_TO_32_BIT_CONVERSION = YES;
				GCC_WARN_ABOUT_RETURN_TYPE = YES_ERROR;
				GCC_WARN_UNDECLARED_SELECTOR = YES;
				GCC_WARN_UNINITIALIZED_AUTOS = YES_AGGRESSIVE;
				GCC_WARN_UNUSED_FUNCTION = YES;
				GCC_WARN_UNUSED_VARIABLE = YES;
				IPHONEOS_DEPLOYMENT_TARGET = 12.0;
				MTL_ENABLE_DEBUG_INFO = INCLUDE_SOURCE;
				MTL_FAST_MATH = YES;
				ONLY_ACTIVE_ARCH = YES;
				SDKROOT = iphoneos;
				SWIFT_ACTIVE_COMPILATION_CONDITIONS = DEBUG;
				SWIFT_OPTIMIZATION_LEVEL = "-Onone";
			};
			name = Debug;
		};
		92B1FBBA212613820081D3F0 /* Release */ = {
			isa = XCBuildConfiguration;
			buildSettings = {
				ALWAYS_SEARCH_USER_PATHS = NO;
				CLANG_ANALYZER_NONNULL = YES;
				CLANG_ANALYZER_NUMBER_OBJECT_CONVERSION = YES_AGGRESSIVE;
				CLANG_CXX_LANGUAGE_STANDARD = "gnu++14";
				CLANG_CXX_LIBRARY = "libc++";
				CLANG_ENABLE_MODULES = YES;
				CLANG_ENABLE_OBJC_ARC = YES;
				CLANG_ENABLE_OBJC_WEAK = YES;
				CLANG_WARN_BLOCK_CAPTURE_AUTORELEASING = YES;
				CLANG_WARN_BOOL_CONVERSION = YES;
				CLANG_WARN_COMMA = YES;
				CLANG_WARN_CONSTANT_CONVERSION = YES;
				CLANG_WARN_DEPRECATED_OBJC_IMPLEMENTATIONS = YES;
				CLANG_WARN_DIRECT_OBJC_ISA_USAGE = YES_ERROR;
				CLANG_WARN_DOCUMENTATION_COMMENTS = YES;
				CLANG_WARN_EMPTY_BODY = YES;
				CLANG_WARN_ENUM_CONVERSION = YES;
				CLANG_WARN_INFINITE_RECURSION = YES;
				CLANG_WARN_INT_CONVERSION = YES;
				CLANG_WARN_NON_LITERAL_NULL_CONVERSION = YES;
				CLANG_WARN_OBJC_IMPLICIT_RETAIN_SELF = YES;
				CLANG_WARN_OBJC_LITERAL_CONVERSION = YES;
				CLANG_WARN_OBJC_ROOT_CLASS = YES_ERROR;
				CLANG_WARN_RANGE_LOOP_ANALYSIS = YES;
				CLANG_WARN_STRICT_PROTOTYPES = YES;
				CLANG_WARN_SUSPICIOUS_MOVE = YES;
				CLANG_WARN_UNGUARDED_AVAILABILITY = YES_AGGRESSIVE;
				CLANG_WARN_UNREACHABLE_CODE = YES;
				CLANG_WARN__DUPLICATE_METHOD_MATCH = YES;
				CODE_SIGN_IDENTITY = "iPhone Developer";
				COPY_PHASE_STRIP = NO;
				DEBUG_INFORMATION_FORMAT = "dwarf-with-dsym";
				ENABLE_NS_ASSERTIONS = NO;
				ENABLE_STRICT_OBJC_MSGSEND = YES;
				GCC_C_LANGUAGE_STANDARD = gnu11;
				GCC_NO_COMMON_BLOCKS = YES;
				GCC_WARN_64_TO_32_BIT_CONVERSION = YES;
				GCC_WARN_ABOUT_RETURN_TYPE = YES_ERROR;
				GCC_WARN_UNDECLARED_SELECTOR = YES;
				GCC_WARN_UNINITIALIZED_AUTOS = YES_AGGRESSIVE;
				GCC_WARN_UNUSED_FUNCTION = YES;
				GCC_WARN_UNUSED_VARIABLE = YES;
				IPHONEOS_DEPLOYMENT_TARGET = 12.0;
				MTL_ENABLE_DEBUG_INFO = NO;
				MTL_FAST_MATH = YES;
				SDKROOT = iphoneos;
				SWIFT_COMPILATION_MODE = wholemodule;
				SWIFT_OPTIMIZATION_LEVEL = "-O";
				VALIDATE_PRODUCT = YES;
			};
			name = Release;
		};
		92B1FBBC212613820081D3F0 /* Debug */ = {
			isa = XCBuildConfiguration;
			buildSettings = {
				ASSETCATALOG_COMPILER_APPICON_NAME = AppIcon;
				CODE_SIGN_STYLE = Automatic;
				DEVELOPMENT_TEAM = H65Y924PHT;
				INFOPLIST_FILE = elements/Info.plist;
				LD_RUNPATH_SEARCH_PATHS = (
					"$(inherited)",
					"@executable_path/Frameworks",
				);
				PRODUCT_BUNDLE_IDENTIFIER = com.zimbricc.elements;
				PRODUCT_NAME = "$(TARGET_NAME)";
				SWIFT_VERSION = 4.2;
				TARGETED_DEVICE_FAMILY = "1,2";
			};
			name = Debug;
		};
		92B1FBBD212613820081D3F0 /* Release */ = {
			isa = XCBuildConfiguration;
			buildSettings = {
				ASSETCATALOG_COMPILER_APPICON_NAME = AppIcon;
				CODE_SIGN_STYLE = Automatic;
				DEVELOPMENT_TEAM = H65Y924PHT;
				INFOPLIST_FILE = elements/Info.plist;
				LD_RUNPATH_SEARCH_PATHS = (
					"$(inherited)",
					"@executable_path/Frameworks",
				);
				PRODUCT_BUNDLE_IDENTIFIER = com.zimbricc.elements;
				PRODUCT_NAME = "$(TARGET_NAME)";
				SWIFT_VERSION = 4.2;
				TARGETED_DEVICE_FAMILY = "1,2";
			};
			name = Release;
		};
		92B1FBBF212613820081D3F0 /* Debug */ = {
			isa = XCBuildConfiguration;
			buildSettings = {
				ALWAYS_EMBED_SWIFT_STANDARD_LIBRARIES = YES;
				BUNDLE_LOADER = "$(TEST_HOST)";
				CODE_SIGN_STYLE = Automatic;
				DEVELOPMENT_TEAM = H65Y924PHT;
				INFOPLIST_FILE = elementsTests/Info.plist;
				LD_RUNPATH_SEARCH_PATHS = (
					"$(inherited)",
					"@executable_path/Frameworks",
					"@loader_path/Frameworks",
				);
				PRODUCT_BUNDLE_IDENTIFIER = com.zimbricc.elementsTests;
				PRODUCT_NAME = "$(TARGET_NAME)";
				SWIFT_VERSION = 4.2;
				TARGETED_DEVICE_FAMILY = "1,2";
				TEST_HOST = "$(BUILT_PRODUCTS_DIR)/elements.app/elements";
			};
			name = Debug;
		};
		92B1FBC0212613820081D3F0 /* Release */ = {
			isa = XCBuildConfiguration;
			buildSettings = {
				ALWAYS_EMBED_SWIFT_STANDARD_LIBRARIES = YES;
				BUNDLE_LOADER = "$(TEST_HOST)";
				CODE_SIGN_STYLE = Automatic;
				DEVELOPMENT_TEAM = H65Y924PHT;
				INFOPLIST_FILE = elementsTests/Info.plist;
				LD_RUNPATH_SEARCH_PATHS = (
					"$(inherited)",
					"@executable_path/Frameworks",
					"@loader_path/Frameworks",
				);
				PRODUCT_BUNDLE_IDENTIFIER = com.zimbricc.elementsTests;
				PRODUCT_NAME = "$(TARGET_NAME)";
				SWIFT_VERSION = 4.2;
				TARGETED_DEVICE_FAMILY = "1,2";
				TEST_HOST = "$(BUILT_PRODUCTS_DIR)/elements.app/elements";
			};
			name = Release;
		};
		92B1FBC2212613820081D3F0 /* Debug */ = {
			isa = XCBuildConfiguration;
			buildSettings = {
				ALWAYS_EMBED_SWIFT_STANDARD_LIBRARIES = YES;
				CODE_SIGN_STYLE = Automatic;
				DEVELOPMENT_TEAM = H65Y924PHT;
				INFOPLIST_FILE = elementsUITests/Info.plist;
				LD_RUNPATH_SEARCH_PATHS = (
					"$(inherited)",
					"@executable_path/Frameworks",
					"@loader_path/Frameworks",
				);
				PRODUCT_BUNDLE_IDENTIFIER = com.zimbricc.elementsUITests;
				PRODUCT_NAME = "$(TARGET_NAME)";
				SWIFT_VERSION = 4.2;
				TARGETED_DEVICE_FAMILY = "1,2";
				TEST_TARGET_NAME = elements;
			};
			name = Debug;
		};
		92B1FBC3212613820081D3F0 /* Release */ = {
			isa = XCBuildConfiguration;
			buildSettings = {
				ALWAYS_EMBED_SWIFT_STANDARD_LIBRARIES = YES;
				CODE_SIGN_STYLE = Automatic;
				DEVELOPMENT_TEAM = H65Y924PHT;
				INFOPLIST_FILE = elementsUITests/Info.plist;
				LD_RUNPATH_SEARCH_PATHS = (
					"$(inherited)",
					"@executable_path/Frameworks",
					"@loader_path/Frameworks",
				);
				PRODUCT_BUNDLE_IDENTIFIER = com.zimbricc.elementsUITests;
				PRODUCT_NAME = "$(TARGET_NAME)";
				SWIFT_VERSION = 4.2;
				TARGETED_DEVICE_FAMILY = "1,2";
				TEST_TARGET_NAME = elements;
			};
			name = Release;
		};
/* End XCBuildConfiguration section */

/* Begin XCConfigurationList section */
		92B1FB8E212613800081D3F0 /* Build configuration list for PBXProject "elements" */ = {
			isa = XCConfigurationList;
			buildConfigurations = (
				92B1FBB9212613820081D3F0 /* Debug */,
				92B1FBBA212613820081D3F0 /* Release */,
			);
			defaultConfigurationIsVisible = 0;
			defaultConfigurationName = Release;
		};
		92B1FBBB212613820081D3F0 /* Build configuration list for PBXNativeTarget "elements" */ = {
			isa = XCConfigurationList;
			buildConfigurations = (
				92B1FBBC212613820081D3F0 /* Debug */,
				92B1FBBD212613820081D3F0 /* Release */,
			);
			defaultConfigurationIsVisible = 0;
			defaultConfigurationName = Release;
		};
		92B1FBBE212613820081D3F0 /* Build configuration list for PBXNativeTarget "elementsTests" */ = {
			isa = XCConfigurationList;
			buildConfigurations = (
				92B1FBBF212613820081D3F0 /* Debug */,
				92B1FBC0212613820081D3F0 /* Release */,
			);
			defaultConfigurationIsVisible = 0;
			defaultConfigurationName = Release;
		};
		92B1FBC1212613820081D3F0 /* Build configuration list for PBXNativeTarget "elementsUITests" */ = {
			isa = XCConfigurationList;
			buildConfigurations = (
				92B1FBC2212613820081D3F0 /* Debug */,
				92B1FBC3212613820081D3F0 /* Release */,
			);
			defaultConfigurationIsVisible = 0;
			defaultConfigurationName = Release;
		};
/* End XCConfigurationList section */
	};
	rootObject = 92B1FB8B212613800081D3F0 /* Project object */;
}
